// !$*UTF8*$!
{
	archiveVersion = 1;
	classes = {
	};
	objectVersion = 46;
	objects = {

/* Begin PBXBuildFile section */
		F44C14BB1D84F07300ADE497 /* main.m in Sources */ = {isa = PBXBuildFile; fileRef = F44C14BA1D84F07300ADE497 /* main.m */; };
		F44C14C41D85083E00ADE497 /* HMZlibData.m in Sources */ = {isa = PBXBuildFile; fileRef = F44C14C31D85083E00ADE497 /* HMZlibData.m */; };
		F490569020B050D400CF637D /* BitsLossless2Decoder.m in Sources */ = {isa = PBXBuildFile; fileRef = F490568F20B050D400CF637D /* BitsLossless2Decoder.m */; };
		F490569320B0512C00CF637D /* Information.m in Sources */ = {isa = PBXBuildFile; fileRef = F490569220B0512C00CF637D /* Information.m */; };
		F490569620B0568F00CF637D /* ImageStorer.m in Sources */ = {isa = PBXBuildFile; fileRef = F490569520B0568F00CF637D /* ImageStorer.m */; };
		F490569A20B059B800CF637D /* BitLossless2ColorTableDecoder.m in Sources */ = {isa = PBXBuildFile; fileRef = F490569920B059B800CF637D /* BitLossless2ColorTableDecoder.m */; };
		F490569D20B05B9400CF637D /* BitsJPEG3Decoder.m in Sources */ = {isa = PBXBuildFile; fileRef = F490569C20B05B9400CF637D /* BitsJPEG3Decoder.m */; };
		F49056A320B0789B00CF637D /* SwfContent.m in Sources */ = {isa = PBXBuildFile; fileRef = F49056A220B0789B00CF637D /* SwfContent.m */; };
		F49056A620B078DB00CF637D /* SwfData.m in Sources */ = {isa = PBXBuildFile; fileRef = F49056A520B078DB00CF637D /* SwfData.m */; };
		F49056A920B0794400CF637D /* SwfHeader.m in Sources */ = {isa = PBXBuildFile; fileRef = F49056A820B0794400CF637D /* SwfHeader.m */; };
/* End PBXBuildFile section */

/* Begin PBXCopyFilesBuildPhase section */
		F44C14B51D84F07300ADE497 /* CopyFiles */ = {
			isa = PBXCopyFilesBuildPhase;
			buildActionMask = 2147483647;
			dstPath = /usr/share/man/man1/;
			dstSubfolderSpec = 0;
			files = (
			);
			runOnlyForDeploymentPostprocessing = 1;
		};
/* End PBXCopyFilesBuildPhase section */

/* Begin PBXFileReference section */
		F44C14B71D84F07300ADE497 /* KanColleGraphicDivider */ = {isa = PBXFileReference; explicitFileType = "compiled.mach-o.executable"; includeInIndex = 0; path = KanColleGraphicDivider; sourceTree = BUILT_PRODUCTS_DIR; };
		F44C14BA1D84F07300ADE497 /* main.m */ = {isa = PBXFileReference; lastKnownFileType = sourcecode.c.objc; path = main.m; sourceTree = "<group>"; };
		F44C14C11D84F27500ADE497 /* SWFStructure.h */ = {isa = PBXFileReference; lastKnownFileType = sourcecode.c.h; path = SWFStructure.h; sourceTree = "<group>"; };
		F44C14C21D85083E00ADE497 /* HMZlibData.h */ = {isa = PBXFileReference; fileEncoding = 4; lastKnownFileType = sourcecode.c.h; path = HMZlibData.h; sourceTree = "<group>"; };
		F44C14C31D85083E00ADE497 /* HMZlibData.m */ = {isa = PBXFileReference; fileEncoding = 4; lastKnownFileType = sourcecode.c.objc; path = HMZlibData.m; sourceTree = "<group>"; };
		F490568D20B04F5300CF637D /* ImageDecoder.h */ = {isa = PBXFileReference; lastKnownFileType = sourcecode.c.h; path = ImageDecoder.h; sourceTree = "<group>"; };
		F490568E20B050D400CF637D /* BitsLossless2Decoder.h */ = {isa = PBXFileReference; lastKnownFileType = sourcecode.c.h; path = BitsLossless2Decoder.h; sourceTree = "<group>"; };
		F490568F20B050D400CF637D /* BitsLossless2Decoder.m */ = {isa = PBXFileReference; lastKnownFileType = sourcecode.c.objc; path = BitsLossless2Decoder.m; sourceTree = "<group>"; };
		F490569120B0512C00CF637D /* Information.h */ = {isa = PBXFileReference; lastKnownFileType = sourcecode.c.h; path = Information.h; sourceTree = "<group>"; };
		F490569220B0512C00CF637D /* Information.m */ = {isa = PBXFileReference; lastKnownFileType = sourcecode.c.objc; path = Information.m; sourceTree = "<group>"; };
		F490569420B0568F00CF637D /* ImageStorer.h */ = {isa = PBXFileReference; lastKnownFileType = sourcecode.c.h; path = ImageStorer.h; sourceTree = "<group>"; };
		F490569520B0568F00CF637D /* ImageStorer.m */ = {isa = PBXFileReference; lastKnownFileType = sourcecode.c.objc; path = ImageStorer.m; sourceTree = "<group>"; };
		F490569720B0584600CF637D /* KanColleGraphicDivider.h */ = {isa = PBXFileReference; lastKnownFileType = sourcecode.c.h; path = KanColleGraphicDivider.h; sourceTree = "<group>"; };
		F490569820B059B800CF637D /* BitLossless2ColorTableDecoder.h */ = {isa = PBXFileReference; lastKnownFileType = sourcecode.c.h; path = BitLossless2ColorTableDecoder.h; sourceTree = "<group>"; };
		F490569920B059B800CF637D /* BitLossless2ColorTableDecoder.m */ = {isa = PBXFileReference; lastKnownFileType = sourcecode.c.objc; path = BitLossless2ColorTableDecoder.m; sourceTree = "<group>"; };
		F490569B20B05B9400CF637D /* BitsJPEG3Decoder.h */ = {isa = PBXFileReference; lastKnownFileType = sourcecode.c.h; path = BitsJPEG3Decoder.h; sourceTree = "<group>"; };
		F490569C20B05B9400CF637D /* BitsJPEG3Decoder.m */ = {isa = PBXFileReference; lastKnownFileType = sourcecode.c.objc; path = BitsJPEG3Decoder.m; sourceTree = "<group>"; };
		F49056A120B0789B00CF637D /* SwfContent.h */ = {isa = PBXFileReference; lastKnownFileType = sourcecode.c.h; path = SwfContent.h; sourceTree = "<group>"; };
		F49056A220B0789B00CF637D /* SwfContent.m */ = {isa = PBXFileReference; lastKnownFileType = sourcecode.c.objc; path = SwfContent.m; sourceTree = "<group>"; };
		F49056A420B078DB00CF637D /* SwfData.h */ = {isa = PBXFileReference; lastKnownFileType = sourcecode.c.h; path = SwfData.h; sourceTree = "<group>"; };
		F49056A520B078DB00CF637D /* SwfData.m */ = {isa = PBXFileReference; lastKnownFileType = sourcecode.c.objc; path = SwfData.m; sourceTree = "<group>"; };
		F49056A720B0794400CF637D /* SwfHeader.h */ = {isa = PBXFileReference; lastKnownFileType = sourcecode.c.h; path = SwfHeader.h; sourceTree = "<group>"; };
		F49056A820B0794400CF637D /* SwfHeader.m */ = {isa = PBXFileReference; lastKnownFileType = sourcecode.c.objc; path = SwfHeader.m; sourceTree = "<group>"; };
		F49056AA20B1460C00CF637D /* WritableObject.h */ = {isa = PBXFileReference; lastKnownFileType = sourcecode.c.h; path = WritableObject.h; sourceTree = "<group>"; };
/* End PBXFileReference section */

/* Begin PBXFrameworksBuildPhase section */
		F44C14B41D84F07300ADE497 /* Frameworks */ = {
			isa = PBXFrameworksBuildPhase;
			buildActionMask = 2147483647;
			files = (
			);
			runOnlyForDeploymentPostprocessing = 0;
		};
/* End PBXFrameworksBuildPhase section */

/* Begin PBXGroup section */
		F44C14AE1D84F07200ADE497 = {
			isa = PBXGroup;
			children = (
				F44C14B91D84F07300ADE497 /* KanColleGraphicDivider */,
				F44C14B81D84F07300ADE497 /* Products */,
			);
			sourceTree = "<group>";
		};
		F44C14B81D84F07300ADE497 /* Products */ = {
			isa = PBXGroup;
			children = (
				F44C14B71D84F07300ADE497 /* KanColleGraphicDivider */,
			);
			name = Products;
			sourceTree = "<group>";
		};
		F44C14B91D84F07300ADE497 /* KanColleGraphicDivider */ = {
			isa = PBXGroup;
			children = (
				F490569720B0584600CF637D /* KanColleGraphicDivider.h */,
				F44C14BA1D84F07300ADE497 /* main.m */,
				F49056A420B078DB00CF637D /* SwfData.h */,
				F49056A520B078DB00CF637D /* SwfData.m */,
				F49056A720B0794400CF637D /* SwfHeader.h */,
				F49056A820B0794400CF637D /* SwfHeader.m */,
				F49056A120B0789B00CF637D /* SwfContent.h */,
				F49056A220B0789B00CF637D /* SwfContent.m */,
				F49056AA20B1460C00CF637D /* WritableObject.h */,
				F490569120B0512C00CF637D /* Information.h */,
				F490569220B0512C00CF637D /* Information.m */,
				F490569420B0568F00CF637D /* ImageStorer.h */,
				F490569520B0568F00CF637D /* ImageStorer.m */,
				F490568D20B04F5300CF637D /* ImageDecoder.h */,
				F490568E20B050D400CF637D /* BitsLossless2Decoder.h */,
				F490568F20B050D400CF637D /* BitsLossless2Decoder.m */,
				F490569820B059B800CF637D /* BitLossless2ColorTableDecoder.h */,
				F490569920B059B800CF637D /* BitLossless2ColorTableDecoder.m */,
				F490569B20B05B9400CF637D /* BitsJPEG3Decoder.h */,
				F490569C20B05B9400CF637D /* BitsJPEG3Decoder.m */,
				F44C14C11D84F27500ADE497 /* SWFStructure.h */,
				F44C14C21D85083E00ADE497 /* HMZlibData.h */,
				F44C14C31D85083E00ADE497 /* HMZlibData.m */,
			);
			path = KanColleGraphicDivider;
			sourceTree = "<group>";
		};
/* End PBXGroup section */

/* Begin PBXNativeTarget section */
		F44C14B61D84F07300ADE497 /* KanColleGraphicDivider */ = {
			isa = PBXNativeTarget;
			buildConfigurationList = F44C14BE1D84F07300ADE497 /* Build configuration list for PBXNativeTarget "KanColleGraphicDivider" */;
			buildPhases = (
				F44C14B31D84F07300ADE497 /* Sources */,
				F44C14B41D84F07300ADE497 /* Frameworks */,
				F44C14B51D84F07300ADE497 /* CopyFiles */,
			);
			buildRules = (
			);
			dependencies = (
			);
			name = KanColleGraphicDivider;
			productName = KanColleGraphicDivider;
			productReference = F44C14B71D84F07300ADE497 /* KanColleGraphicDivider */;
			productType = "com.apple.product-type.tool";
		};
/* End PBXNativeTarget section */

/* Begin PBXProject section */
		F44C14AF1D84F07200ADE497 /* Project object */ = {
			isa = PBXProject;
			attributes = {
				LastUpgradeCheck = 0730;
				ORGANIZATIONNAME = "Hori,Masaki";
				TargetAttributes = {
					F44C14B61D84F07300ADE497 = {
						CreatedOnToolsVersion = 7.3.1;
					};
				};
			};
			buildConfigurationList = F44C14B21D84F07300ADE497 /* Build configuration list for PBXProject "KanColleGraphicDivider" */;
			compatibilityVersion = "Xcode 3.2";
			developmentRegion = English;
			hasScannedForEncodings = 0;
			knownRegions = (
				en,
			);
			mainGroup = F44C14AE1D84F07200ADE497;
			productRefGroup = F44C14B81D84F07300ADE497 /* Products */;
			projectDirPath = "";
			projectRoot = "";
			targets = (
				F44C14B61D84F07300ADE497 /* KanColleGraphicDivider */,
			);
		};
/* End PBXProject section */

/* Begin PBXSourcesBuildPhase section */
		F44C14B31D84F07300ADE497 /* Sources */ = {
			isa = PBXSourcesBuildPhase;
			buildActionMask = 2147483647;
			files = (
				F490569620B0568F00CF637D /* ImageStorer.m in Sources */,
				F490569020B050D400CF637D /* BitsLossless2Decoder.m in Sources */,
				F49056A320B0789B00CF637D /* SwfContent.m in Sources */,
				F490569A20B059B800CF637D /* BitLossless2ColorTableDecoder.m in Sources */,
				F44C14BB1D84F07300ADE497 /* main.m in Sources */,
				F49056A920B0794400CF637D /* SwfHeader.m in Sources */,
				F490569D20B05B9400CF637D /* BitsJPEG3Decoder.m in Sources */,
				F490569320B0512C00CF637D /* Information.m in Sources */,
				F44C14C41D85083E00ADE497 /* HMZlibData.m in Sources */,
				F49056A620B078DB00CF637D /* SwfData.m in Sources */,
			);
			runOnlyForDeploymentPostprocessing = 0;
		};
/* End PBXSourcesBuildPhase section */

/* Begin XCBuildConfiguration section */
		F44C14BC1D84F07300ADE497 /* Debug */ = {
			isa = XCBuildConfiguration;
			buildSettings = {
				ALWAYS_SEARCH_USER_PATHS = NO;
				CLANG_ANALYZER_NONNULL = YES;
				CLANG_CXX_LANGUAGE_STANDARD = "gnu++0x";
				CLANG_CXX_LIBRARY = "libc++";
				CLANG_ENABLE_MODULES = YES;
				CLANG_ENABLE_OBJC_ARC = YES;
				CLANG_WARN_BOOL_CONVERSION = YES;
				CLANG_WARN_CONSTANT_CONVERSION = YES;
				CLANG_WARN_DIRECT_OBJC_ISA_USAGE = YES_ERROR;
				CLANG_WARN_EMPTY_BODY = YES;
				CLANG_WARN_ENUM_CONVERSION = YES;
				CLANG_WARN_INT_CONVERSION = YES;
				CLANG_WARN_OBJC_ROOT_CLASS = YES_ERROR;
				CLANG_WARN_UNREACHABLE_CODE = YES;
				CLANG_WARN__DUPLICATE_METHOD_MATCH = YES;
				CODE_SIGN_IDENTITY = "-";
				COPY_PHASE_STRIP = NO;
				DEBUG_INFORMATION_FORMAT = dwarf;
				ENABLE_STRICT_OBJC_MSGSEND = YES;
				ENABLE_TESTABILITY = YES;
				GCC_C_LANGUAGE_STANDARD = gnu99;
				GCC_DYNAMIC_NO_PIC = NO;
				GCC_NO_COMMON_BLOCKS = YES;
				GCC_OPTIMIZATION_LEVEL = 0;
				GCC_PREPROCESSOR_DEFINITIONS = (
					"DEBUG=1",
					"$(inherited)",
				);
				GCC_WARN_64_TO_32_BIT_CONVERSION = YES;
				GCC_WARN_ABOUT_RETURN_TYPE = YES_ERROR;
				GCC_WARN_UNDECLARED_SELECTOR = YES;
				GCC_WARN_UNINITIALIZED_AUTOS = YES_AGGRESSIVE;
				GCC_WARN_UNUSED_FUNCTION = YES;
				GCC_WARN_UNUSED_VARIABLE = YES;
				MACOSX_DEPLOYMENT_TARGET = 10.11;
				MTL_ENABLE_DEBUG_INFO = YES;
				ONLY_ACTIVE_ARCH = YES;
				SDKROOT = macosx;
			};
			name = Debug;
		};
		F44C14BD1D84F07300ADE497 /* Release */ = {
			isa = XCBuildConfiguration;
			buildSettings = {
				ALWAYS_SEARCH_USER_PATHS = NO;
				CLANG_ANALYZER_NONNULL = YES;
				CLANG_CXX_LANGUAGE_STANDARD = "gnu++0x";
				CLANG_CXX_LIBRARY = "libc++";
				CLANG_ENABLE_MODULES = YES;
				CLANG_ENABLE_OBJC_ARC = YES;
				CLANG_WARN_BOOL_CONVERSION = YES;
				CLANG_WARN_CONSTANT_CONVERSION = YES;
				CLANG_WARN_DIRECT_OBJC_ISA_USAGE = YES_ERROR;
				CLANG_WARN_EMPTY_BODY = YES;
				CLANG_WARN_ENUM_CONVERSION = YES;
				CLANG_WARN_INT_CONVERSION = YES;
				CLANG_WARN_OBJC_ROOT_CLASS = YES_ERROR;
				CLANG_WARN_UNREACHABLE_CODE = YES;
				CLANG_WARN__DUPLICATE_METHOD_MATCH = YES;
				CODE_SIGN_IDENTITY = "-";
				COPY_PHASE_STRIP = NO;
				DEBUG_INFORMATION_FORMAT = "dwarf-with-dsym";
				ENABLE_NS_ASSERTIONS = NO;
				ENABLE_STRICT_OBJC_MSGSEND = YES;
				GCC_C_LANGUAGE_STANDARD = gnu99;
				GCC_NO_COMMON_BLOCKS = YES;
				GCC_WARN_64_TO_32_BIT_CONVERSION = YES;
				GCC_WARN_ABOUT_RETURN_TYPE = YES_ERROR;
				GCC_WARN_UNDECLARED_SELECTOR = YES;
				GCC_WARN_UNINITIALIZED_AUTOS = YES_AGGRESSIVE;
				GCC_WARN_UNUSED_FUNCTION = YES;
				GCC_WARN_UNUSED_VARIABLE = YES;
				MACOSX_DEPLOYMENT_TARGET = 10.11;
				MTL_ENABLE_DEBUG_INFO = NO;
				SDKROOT = macosx;
			};
			name = Release;
		};
		F44C14BF1D84F07300ADE497 /* Debug */ = {
			isa = XCBuildConfiguration;
			buildSettings = {
				OTHER_LDFLAGS = "-lz";
				PRODUCT_NAME = "$(TARGET_NAME)";
			};
			name = Debug;
		};
		F44C14C01D84F07300ADE497 /* Release */ = {
			isa = XCBuildConfiguration;
			buildSettings = {
				OTHER_LDFLAGS = "-lz";
				PRODUCT_NAME = "$(TARGET_NAME)";
			};
			name = Release;
		};
/* End XCBuildConfiguration section */

/* Begin XCConfigurationList section */
		F44C14B21D84F07300ADE497 /* Build configuration list for PBXProject "KanColleGraphicDivider" */ = {
			isa = XCConfigurationList;
			buildConfigurations = (
				F44C14BC1D84F07300ADE497 /* Debug */,
				F44C14BD1D84F07300ADE497 /* Release */,
			);
			defaultConfigurationIsVisible = 0;
			defaultConfigurationName = Release;
		};
		F44C14BE1D84F07300ADE497 /* Build configuration list for PBXNativeTarget "KanColleGraphicDivider" */ = {
			isa = XCConfigurationList;
			buildConfigurations = (
				F44C14BF1D84F07300ADE497 /* Debug */,
				F44C14C01D84F07300ADE497 /* Release */,
			);
			defaultConfigurationIsVisible = 0;
			defaultConfigurationName = Release;
		};
/* End XCConfigurationList section */
	};
	rootObject = F44C14AF1D84F07200ADE497 /* Project object */;
}
